
Microsoft Visual Studio Solution File, Format Version 12.00
# Visual Studio Version 17
VisualStudioVersion = 17.5.33516.290
MinimumVisualStudioVersion = 10.0.40219.1
Project("{2150E333-8FDC-42A3-9474-1A3956D46DE8}") = "Services", "Services", "{12A6200B-30B8-481A-A67B-6BC50B6A7A7F}"
EndProject
Project("{2150E333-8FDC-42A3-9474-1A3956D46DE8}") = "Catalog", "Catalog", "{D1B683CC-989B-4AF2-91B2-B937C3D6CEB0}"
EndProject
Project("{9A19103F-16F7-4668-BE54-9A1E7A4F7556}") = "MultiShop.Catalog", "Services\Catalog\MultiShop.Catalog\MultiShop.Catalog.csproj", "{85912B1F-E4A7-4691-8376-3220B3BA2E58}"
EndProject
Project("{2150E333-8FDC-42A3-9474-1A3956D46DE8}") = "Discount", "Discount", "{A6788519-549A-457A-9032-BA9EADFCB4C2}"
EndProject
Project("{9A19103F-16F7-4668-BE54-9A1E7A4F7556}") = "MultiShop.Discount", "Services\Discount\MultiShop.Discount\MultiShop.Discount.csproj", "{F8010DDE-D2DB-48D9-AC77-D67FF9CDBB1F}"
EndProject
Project("{2150E333-8FDC-42A3-9474-1A3956D46DE8}") = "Order", "Order", "{15AADBBD-DDA2-49C8-811F-D116F7381AEB}"
EndProject
Project("{2150E333-8FDC-42A3-9474-1A3956D46DE8}") = "Core", "Core", "{CE4FE897-4B01-4B55-B0CB-821A7FD0CEDC}"
EndProject
Project("{2150E333-8FDC-42A3-9474-1A3956D46DE8}") = "Infrastructure", "Infrastructure", "{036EB4B6-2F43-47B4-A5FB-0A57EDF4F1FB}"
EndProject
Project("{2150E333-8FDC-42A3-9474-1A3956D46DE8}") = "Presentation", "Presentation", "{83E864C5-6502-4A58-B90C-880C19EE235B}"
EndProject
Project("{9A19103F-16F7-4668-BE54-9A1E7A4F7556}") = "MultiShop.Order.Domain", "Services\Order\Core\MultiShop.Order.Domain\MultiShop.Order.Domain.csproj", "{3483A777-B45E-4F52-9175-E3565A839A06}"
EndProject
Project("{9A19103F-16F7-4668-BE54-9A1E7A4F7556}") = "MultiShop.Order.Application", "Services\Order\Core\MultiShop.Order.Application\MultiShop.Order.Application.csproj", "{37B82794-55A7-4B1F-868D-B7924B4C17CE}"
EndProject
Project("{9A19103F-16F7-4668-BE54-9A1E7A4F7556}") = "MultiShop.Order.Persistence", "Services\Order\Infrastructure\MultiShop.Order.Persistence\MultiShop.Order.Persistence.csproj", "{73EA1622-FF97-445F-B94F-4C441A58786E}"
EndProject
Project("{9A19103F-16F7-4668-BE54-9A1E7A4F7556}") = "MultiShop.Order.WebApi", "Services\Order\Presentation\MultiShop.Order.WebApi\MultiShop.Order.WebApi.csproj", "{0A906456-7EB2-4229-B1F4-DEC22427C781}"
EndProject
Project("{2150E333-8FDC-42A3-9474-1A3956D46DE8}") = "IdentityServer", "IdentityServer", "{30B29D27-BA29-4F61-BF34-D6107BE786A9}"
EndProject
Project("{9A19103F-16F7-4668-BE54-9A1E7A4F7556}") = "MultiShop.IdentityServer", "IdentityServer\MultiShop.IdentityServer\MultiShop.IdentityServer.csproj", "{F0A885EC-238E-4857-9FFB-765D5B475D3C}"
EndProject
Project("{2150E333-8FDC-42A3-9474-1A3956D46DE8}") = "Requirements", "Requirements", "{127473C3-1032-481A-ABF5-52CCD5CE37C4}"
	ProjectSection(SolutionItems) = preProject
		PortNumbers.txt = PortNumbers.txt
	EndProjectSection
EndProject
Project("{2150E333-8FDC-42A3-9474-1A3956D46DE8}") = "Cargo", "Cargo", "{945DA9BB-D4F2-4748-8F41-063E7A9BE1D5}"
EndProject
Project("{9A19103F-16F7-4668-BE54-9A1E7A4F7556}") = "MultiShop.Cargo.EntityLayer", "Services\Cargo\MultiShop.Cargo.EntityLayer\MultiShop.Cargo.EntityLayer.csproj", "{EBF382AC-BCF9-46EE-A947-71EE63E40DEB}"
EndProject
Project("{9A19103F-16F7-4668-BE54-9A1E7A4F7556}") = "MultiShop.Cargo.BusinessLayer", "Services\Cargo\MultiShop.Cargo.BusinessLayer\MultiShop.Cargo.BusinessLayer.csproj", "{29A031CC-506B-485D-BB39-D010B018F302}"
EndProject
Project("{9A19103F-16F7-4668-BE54-9A1E7A4F7556}") = "MultiShop.Cargo.DataAccessLayer", "Services\Cargo\MultiShop.Cargo.DataAccessLayer\MultiShop.Cargo.DataAccessLayer.csproj", "{FBB0EE8E-3D53-4354-9480-B02976332DA7}"
EndProject
Project("{9A19103F-16F7-4668-BE54-9A1E7A4F7556}") = "MultiShop.Cargo.DtoLayer", "Services\Cargo\MultiShop.Cargo.DtoLayer\MultiShop.Cargo.DtoLayer.csproj", "{51E24362-30E2-47F1-A057-0911671D2552}"
EndProject
Project("{9A19103F-16F7-4668-BE54-9A1E7A4F7556}") = "MultiShop.Cargo.WebApi", "Services\Cargo\MultiShop.Cargo.WebApi\MultiShop.Cargo.WebApi.csproj", "{7D541CB0-3B77-4288-B113-56609EDB5517}"
EndProject
Project("{2150E333-8FDC-42A3-9474-1A3956D46DE8}") = "Basket", "Basket", "{690F9A67-E666-465C-8B83-8970E6A79CA8}"
EndProject
Project("{FAE04EC0-301F-11D3-BF4B-00C04F79EFBC}") = "MultiShop.Basket", "Services\Basket\MultiShop.Basket\MultiShop.Basket.csproj", "{76CA654C-D0A2-46D1-BE49-461F1B115303}"
EndProject
Global
	GlobalSection(SolutionConfigurationPlatforms) = preSolution
		Debug|Any CPU = Debug|Any CPU
		Release|Any CPU = Release|Any CPU
	EndGlobalSection
	GlobalSection(ProjectConfigurationPlatforms) = postSolution
		{85912B1F-E4A7-4691-8376-3220B3BA2E58}.Debug|Any CPU.ActiveCfg = Debug|Any CPU
		{85912B1F-E4A7-4691-8376-3220B3BA2E58}.Debug|Any CPU.Build.0 = Debug|Any CPU
		{85912B1F-E4A7-4691-8376-3220B3BA2E58}.Release|Any CPU.ActiveCfg = Release|Any CPU
		{85912B1F-E4A7-4691-8376-3220B3BA2E58}.Release|Any CPU.Build.0 = Release|Any CPU
		{F8010DDE-D2DB-48D9-AC77-D67FF9CDBB1F}.Debug|Any CPU.ActiveCfg = Debug|Any CPU
		{F8010DDE-D2DB-48D9-AC77-D67FF9CDBB1F}.Debug|Any CPU.Build.0 = Debug|Any CPU
		{F8010DDE-D2DB-48D9-AC77-D67FF9CDBB1F}.Release|Any CPU.ActiveCfg = Release|Any CPU
		{F8010DDE-D2DB-48D9-AC77-D67FF9CDBB1F}.Release|Any CPU.Build.0 = Release|Any CPU
		{3483A777-B45E-4F52-9175-E3565A839A06}.Debug|Any CPU.ActiveCfg = Debug|Any CPU
		{3483A777-B45E-4F52-9175-E3565A839A06}.Debug|Any CPU.Build.0 = Debug|Any CPU
		{3483A777-B45E-4F52-9175-E3565A839A06}.Release|Any CPU.ActiveCfg = Release|Any CPU
		{3483A777-B45E-4F52-9175-E3565A839A06}.Release|Any CPU.Build.0 = Release|Any CPU
		{37B82794-55A7-4B1F-868D-B7924B4C17CE}.Debug|Any CPU.ActiveCfg = Debug|Any CPU
		{37B82794-55A7-4B1F-868D-B7924B4C17CE}.Debug|Any CPU.Build.0 = Debug|Any CPU
		{37B82794-55A7-4B1F-868D-B7924B4C17CE}.Release|Any CPU.ActiveCfg = Release|Any CPU
		{37B82794-55A7-4B1F-868D-B7924B4C17CE}.Release|Any CPU.Build.0 = Release|Any CPU
		{73EA1622-FF97-445F-B94F-4C441A58786E}.Debug|Any CPU.ActiveCfg = Debug|Any CPU
		{73EA1622-FF97-445F-B94F-4C441A58786E}.Debug|Any CPU.Build.0 = Debug|Any CPU
		{73EA1622-FF97-445F-B94F-4C441A58786E}.Release|Any CPU.ActiveCfg = Release|Any CPU
		{73EA1622-FF97-445F-B94F-4C441A58786E}.Release|Any CPU.Build.0 = Release|Any CPU
		{0A906456-7EB2-4229-B1F4-DEC22427C781}.Debug|Any CPU.ActiveCfg = Debug|Any CPU
		{0A906456-7EB2-4229-B1F4-DEC22427C781}.Debug|Any CPU.Build.0 = Debug|Any CPU
		{0A906456-7EB2-4229-B1F4-DEC22427C781}.Release|Any CPU.ActiveCfg = Release|Any CPU
		{0A906456-7EB2-4229-B1F4-DEC22427C781}.Release|Any CPU.Build.0 = Release|Any CPU
		{F0A885EC-238E-4857-9FFB-765D5B475D3C}.Debug|Any CPU.ActiveCfg = Debug|Any CPU
		{F0A885EC-238E-4857-9FFB-765D5B475D3C}.Debug|Any CPU.Build.0 = Debug|Any CPU
		{F0A885EC-238E-4857-9FFB-765D5B475D3C}.Release|Any CPU.ActiveCfg = Release|Any CPU
		{F0A885EC-238E-4857-9FFB-765D5B475D3C}.Release|Any CPU.Build.0 = Release|Any CPU
		{EBF382AC-BCF9-46EE-A947-71EE63E40DEB}.Debug|Any CPU.ActiveCfg = Debug|Any CPU
		{EBF382AC-BCF9-46EE-A947-71EE63E40DEB}.Debug|Any CPU.Build.0 = Debug|Any CPU
		{EBF382AC-BCF9-46EE-A947-71EE63E40DEB}.Release|Any CPU.ActiveCfg = Release|Any CPU
		{EBF382AC-BCF9-46EE-A947-71EE63E40DEB}.Release|Any CPU.Build.0 = Release|Any CPU
		{29A031CC-506B-485D-BB39-D010B018F302}.Debug|Any CPU.ActiveCfg = Debug|Any CPU
		{29A031CC-506B-485D-BB39-D010B018F302}.Debug|Any CPU.Build.0 = Debug|Any CPU
		{29A031CC-506B-485D-BB39-D010B018F302}.Release|Any CPU.ActiveCfg = Release|Any CPU
		{29A031CC-506B-485D-BB39-D010B018F302}.Release|Any CPU.Build.0 = Release|Any CPU
		{FBB0EE8E-3D53-4354-9480-B02976332DA7}.Debug|Any CPU.ActiveCfg = Debug|Any CPU
		{FBB0EE8E-3D53-4354-9480-B02976332DA7}.Debug|Any CPU.Build.0 = Debug|Any CPU
		{FBB0EE8E-3D53-4354-9480-B02976332DA7}.Release|Any CPU.ActiveCfg = Release|Any CPU
		{FBB0EE8E-3D53-4354-9480-B02976332DA7}.Release|Any CPU.Build.0 = Release|Any CPU
		{51E24362-30E2-47F1-A057-0911671D2552}.Debug|Any CPU.ActiveCfg = Debug|Any CPU
		{51E24362-30E2-47F1-A057-0911671D2552}.Debug|Any CPU.Build.0 = Debug|Any CPU
		{51E24362-30E2-47F1-A057-0911671D2552}.Release|Any CPU.ActiveCfg = Release|Any CPU
		{51E24362-30E2-47F1-A057-0911671D2552}.Release|Any CPU.Build.0 = Release|Any CPU
		{7D541CB0-3B77-4288-B113-56609EDB5517}.Debug|Any CPU.ActiveCfg = Debug|Any CPU
		{7D541CB0-3B77-4288-B113-56609EDB5517}.Debug|Any CPU.Build.0 = Debug|Any CPU
		{7D541CB0-3B77-4288-B113-56609EDB5517}.Release|Any CPU.ActiveCfg = Release|Any CPU
		{7D541CB0-3B77-4288-B113-56609EDB5517}.Release|Any CPU.Build.0 = Release|Any CPU
		{76CA654C-D0A2-46D1-BE49-461F1B115303}.Debug|Any CPU.ActiveCfg = Debug|Any CPU
		{76CA654C-D0A2-46D1-BE49-461F1B115303}.Debug|Any CPU.Build.0 = Debug|Any CPU
		{76CA654C-D0A2-46D1-BE49-461F1B115303}.Release|Any CPU.ActiveCfg = Release|Any CPU
		{76CA654C-D0A2-46D1-BE49-461F1B115303}.Release|Any CPU.Build.0 = Release|Any CPU
	EndGlobalSection
	GlobalSection(SolutionProperties) = preSolution
		HideSolutionNode = FALSE
	EndGlobalSection
	GlobalSection(NestedProjects) = preSolution
		{D1B683CC-989B-4AF2-91B2-B937C3D6CEB0} = {12A6200B-30B8-481A-A67B-6BC50B6A7A7F}
		{85912B1F-E4A7-4691-8376-3220B3BA2E58} = {D1B683CC-989B-4AF2-91B2-B937C3D6CEB0}
		{A6788519-549A-457A-9032-BA9EADFCB4C2} = {12A6200B-30B8-481A-A67B-6BC50B6A7A7F}
		{F8010DDE-D2DB-48D9-AC77-D67FF9CDBB1F} = {A6788519-549A-457A-9032-BA9EADFCB4C2}
		{15AADBBD-DDA2-49C8-811F-D116F7381AEB} = {12A6200B-30B8-481A-A67B-6BC50B6A7A7F}
		{CE4FE897-4B01-4B55-B0CB-821A7FD0CEDC} = {15AADBBD-DDA2-49C8-811F-D116F7381AEB}
		{036EB4B6-2F43-47B4-A5FB-0A57EDF4F1FB} = {15AADBBD-DDA2-49C8-811F-D116F7381AEB}
		{83E864C5-6502-4A58-B90C-880C19EE235B} = {15AADBBD-DDA2-49C8-811F-D116F7381AEB}
		{3483A777-B45E-4F52-9175-E3565A839A06} = {CE4FE897-4B01-4B55-B0CB-821A7FD0CEDC}
		{37B82794-55A7-4B1F-868D-B7924B4C17CE} = {CE4FE897-4B01-4B55-B0CB-821A7FD0CEDC}
		{73EA1622-FF97-445F-B94F-4C441A58786E} = {036EB4B6-2F43-47B4-A5FB-0A57EDF4F1FB}
		{0A906456-7EB2-4229-B1F4-DEC22427C781} = {83E864C5-6502-4A58-B90C-880C19EE235B}
		{F0A885EC-238E-4857-9FFB-765D5B475D3C} = {30B29D27-BA29-4F61-BF34-D6107BE786A9}
		{945DA9BB-D4F2-4748-8F41-063E7A9BE1D5} = {12A6200B-30B8-481A-A67B-6BC50B6A7A7F}
		{EBF382AC-BCF9-46EE-A947-71EE63E40DEB} = {945DA9BB-D4F2-4748-8F41-063E7A9BE1D5}
		{29A031CC-506B-485D-BB39-D010B018F302} = {945DA9BB-D4F2-4748-8F41-063E7A9BE1D5}
		{FBB0EE8E-3D53-4354-9480-B02976332DA7} = {945DA9BB-D4F2-4748-8F41-063E7A9BE1D5}
		{51E24362-30E2-47F1-A057-0911671D2552} = {945DA9BB-D4F2-4748-8F41-063E7A9BE1D5}
		{7D541CB0-3B77-4288-B113-56609EDB5517} = {945DA9BB-D4F2-4748-8F41-063E7A9BE1D5}
		{690F9A67-E666-465C-8B83-8970E6A79CA8} = {12A6200B-30B8-481A-A67B-6BC50B6A7A7F}
		{76CA654C-D0A2-46D1-BE49-461F1B115303} = {690F9A67-E666-465C-8B83-8970E6A79CA8}
	EndGlobalSection
	GlobalSection(ExtensibilityGlobals) = postSolution
		SolutionGuid = {92952252-42CE-4472-91F7-4492C9D7595F}
	EndGlobalSection
EndGlobal
